
Microsoft Visual Studio Solution File, Format Version 12.00
Project("{FAE04EC0-301F-11D3-BF4B-00C04F79EFBC}") = "SimpleKit.Domain", "SimpleKit.Domain\SimpleKit.Domain.csproj", "{719C5D17-E961-4B18-A8F5-10E6E5E4E3A4}"
EndProject
Project("{2150E333-8FDC-42A3-9474-1A3956D46DE8}") = "tests", "tests", "{36D05742-EF49-428E-911C-FE73B93C23EF}"
EndProject
Project("{FAE04EC0-301F-11D3-BF4B-00C04F79EFBC}") = "Test.SimpleKit.Domain", "..\tests\Test.SimpleKit.Domain\Test.SimpleKit.Domain.csproj", "{DE33E6E2-D405-462B-83A0-2AFBB0F2C0F3}"
EndProject
Project("{FAE04EC0-301F-11D3-BF4B-00C04F79EFBC}") = "Test.SimpleKit.Base", "..\tests\Test.SimpleKit.Base\Test.SimpleKit.Base.csproj", "{E6BA199B-976C-4CCF-B092-CB955740488D}"
EndProject
Project("{FAE04EC0-301F-11D3-BF4B-00C04F79EFBC}") = "SimpleKit.Infrastructure.Repository.EfCore", "SimpleKit.Infrastructure.Repository.EfCore\SimpleKit.Infrastructure.Repository.EfCore.csproj", "{0AC7BFBE-E1C8-46BA-9FCF-8449A8D0387C}"
EndProject
Project("{FAE04EC0-301F-11D3-BF4B-00C04F79EFBC}") = "SimpleKit.Infrastructure.Repository.MongoDb", "SimpleKit.Infrastructure.Repository.MongoDb\SimpleKit.Infrastructure.Repository.MongoDb.csproj", "{5C4BB2DA-346F-4E67-BE95-3E152667F0B2}"
EndProject
Project("{FAE04EC0-301F-11D3-BF4B-00C04F79EFBC}") = "SimpleKit.Repository.Redis", "SimpleKit.Repository.Redis\SimpleKit.Repository.Redis.csproj", "{25A2B91E-BA3A-491F-B642-AC72E1B523D6}"
EndProject
Project("{FAE04EC0-301F-11D3-BF4B-00C04F79EFBC}") = "Test.SimpleKit.Repository.EfCore", "..\tests\Test.SimpleKit.Repository.EfCore\Test.SimpleKit.Repository.EfCore.csproj", "{7D862564-DB44-4A8C-B563-C586C3169DB4}"
EndProject
Project("{FAE04EC0-301F-11D3-BF4B-00C04F79EFBC}") = "Test.DatabaGenerator", "..\tests\Test.DatabaGenerator\Test.DatabaGenerator.csproj", "{268FED62-10A2-4B81-943B-AB23B52A73C5}"
EndProject
Project("{2150E333-8FDC-42A3-9474-1A3956D46DE8}") = "samples", "samples", "{2BEE6AAF-30CC-44DA-B30A-7E9511E91949}"
EndProject
Project("{FAE04EC0-301F-11D3-BF4B-00C04F79EFBC}") = "SampleApiWithEfCore", "..\samples\SampleApiWithEfCore\SampleApiWithEfCore.csproj", "{5FEF72C6-3857-4264-AABF-B0764507D468}"
EndProject
Global
	GlobalSection(SolutionConfigurationPlatforms) = preSolution
		Debug|Any CPU = Debug|Any CPU
		Release|Any CPU = Release|Any CPU
	EndGlobalSection
	GlobalSection(ProjectConfigurationPlatforms) = postSolution
		{719C5D17-E961-4B18-A8F5-10E6E5E4E3A4}.Debug|Any CPU.ActiveCfg = Debug|Any CPU
		{719C5D17-E961-4B18-A8F5-10E6E5E4E3A4}.Debug|Any CPU.Build.0 = Debug|Any CPU
		{719C5D17-E961-4B18-A8F5-10E6E5E4E3A4}.Release|Any CPU.ActiveCfg = Release|Any CPU
		{719C5D17-E961-4B18-A8F5-10E6E5E4E3A4}.Release|Any CPU.Build.0 = Release|Any CPU
		{DE33E6E2-D405-462B-83A0-2AFBB0F2C0F3}.Debug|Any CPU.ActiveCfg = Debug|Any CPU
		{DE33E6E2-D405-462B-83A0-2AFBB0F2C0F3}.Debug|Any CPU.Build.0 = Debug|Any CPU
		{DE33E6E2-D405-462B-83A0-2AFBB0F2C0F3}.Release|Any CPU.ActiveCfg = Release|Any CPU
		{DE33E6E2-D405-462B-83A0-2AFBB0F2C0F3}.Release|Any CPU.Build.0 = Release|Any CPU
		{E6BA199B-976C-4CCF-B092-CB955740488D}.Debug|Any CPU.ActiveCfg = Debug|Any CPU
		{E6BA199B-976C-4CCF-B092-CB955740488D}.Debug|Any CPU.Build.0 = Debug|Any CPU
		{E6BA199B-976C-4CCF-B092-CB955740488D}.Release|Any CPU.ActiveCfg = Release|Any CPU
		{E6BA199B-976C-4CCF-B092-CB955740488D}.Release|Any CPU.Build.0 = Release|Any CPU
		{0AC7BFBE-E1C8-46BA-9FCF-8449A8D0387C}.Debug|Any CPU.ActiveCfg = Debug|Any CPU
		{0AC7BFBE-E1C8-46BA-9FCF-8449A8D0387C}.Debug|Any CPU.Build.0 = Debug|Any CPU
		{0AC7BFBE-E1C8-46BA-9FCF-8449A8D0387C}.Release|Any CPU.ActiveCfg = Release|Any CPU
		{0AC7BFBE-E1C8-46BA-9FCF-8449A8D0387C}.Release|Any CPU.Build.0 = Release|Any CPU
		{5C4BB2DA-346F-4E67-BE95-3E152667F0B2}.Debug|Any CPU.ActiveCfg = Debug|Any CPU
		{5C4BB2DA-346F-4E67-BE95-3E152667F0B2}.Debug|Any CPU.Build.0 = Debug|Any CPU
		{5C4BB2DA-346F-4E67-BE95-3E152667F0B2}.Release|Any CPU.ActiveCfg = Release|Any CPU
		{5C4BB2DA-346F-4E67-BE95-3E152667F0B2}.Release|Any CPU.Build.0 = Release|Any CPU
		{25A2B91E-BA3A-491F-B642-AC72E1B523D6}.Debug|Any CPU.ActiveCfg = Debug|Any CPU
		{25A2B91E-BA3A-491F-B642-AC72E1B523D6}.Debug|Any CPU.Build.0 = Debug|Any CPU
		{25A2B91E-BA3A-491F-B642-AC72E1B523D6}.Release|Any CPU.ActiveCfg = Release|Any CPU
		{25A2B91E-BA3A-491F-B642-AC72E1B523D6}.Release|Any CPU.Build.0 = Release|Any CPU
		{7D862564-DB44-4A8C-B563-C586C3169DB4}.Debug|Any CPU.ActiveCfg = Debug|Any CPU
		{7D862564-DB44-4A8C-B563-C586C3169DB4}.Debug|Any CPU.Build.0 = Debug|Any CPU
		{7D862564-DB44-4A8C-B563-C586C3169DB4}.Release|Any CPU.ActiveCfg = Release|Any CPU
		{7D862564-DB44-4A8C-B563-C586C3169DB4}.Release|Any CPU.Build.0 = Release|Any CPU
		{268FED62-10A2-4B81-943B-AB23B52A73C5}.Debug|Any CPU.ActiveCfg = Debug|Any CPU
		{268FED62-10A2-4B81-943B-AB23B52A73C5}.Debug|Any CPU.Build.0 = Debug|Any CPU
		{268FED62-10A2-4B81-943B-AB23B52A73C5}.Release|Any CPU.ActiveCfg = Release|Any CPU
		{268FED62-10A2-4B81-943B-AB23B52A73C5}.Release|Any CPU.Build.0 = Release|Any CPU
		{5FEF72C6-3857-4264-AABF-B0764507D468}.Debug|Any CPU.ActiveCfg = Debug|Any CPU
		{5FEF72C6-3857-4264-AABF-B0764507D468}.Debug|Any CPU.Build.0 = Debug|Any CPU
		{5FEF72C6-3857-4264-AABF-B0764507D468}.Release|Any CPU.ActiveCfg = Release|Any CPU
		{5FEF72C6-3857-4264-AABF-B0764507D468}.Release|Any CPU.Build.0 = Release|Any CPU
	EndGlobalSection
	GlobalSection(NestedProjects) = preSolution
		{DE33E6E2-D405-462B-83A0-2AFBB0F2C0F3} = {36D05742-EF49-428E-911C-FE73B93C23EF}
		{E6BA199B-976C-4CCF-B092-CB955740488D} = {36D05742-EF49-428E-911C-FE73B93C23EF}
		{7D862564-DB44-4A8C-B563-C586C3169DB4} = {36D05742-EF49-428E-911C-FE73B93C23EF}
		{268FED62-10A2-4B81-943B-AB23B52A73C5} = {36D05742-EF49-428E-911C-FE73B93C23EF}
		{5FEF72C6-3857-4264-AABF-B0764507D468} = {2BEE6AAF-30CC-44DA-B30A-7E9511E91949}
	EndGlobalSection
EndGlobal
